
Microsoft Visual Studio Solution File, Format Version 12.00
# Visual Studio Version 16
VisualStudioVersion = 16.0.31702.278
MinimumVisualStudioVersion = 10.0.40219.1
Project("{FAE04EC0-301F-11D3-BF4B-00C04F79EFBC}") = "kalkulátor", "kalkulátor.csproj", "{DEE19F23-1FC5-4AC4-8539-EFC1CC43C001}"
EndProject
Project("{FAE04EC0-301F-11D3-BF4B-00C04F79EFBC}") = "KalkulatorTest", "..\..\..\KalkulatorTest\KalkulatorTest\KalkulatorTest.csproj", "{938EAFF2-AFDD-411A-89A9-45F8C0342D6F}"
EndProject
Global
	GlobalSection(SolutionConfigurationPlatforms) = preSolution
		Debug|Any CPU = Debug|Any CPU
		Release|Any CPU = Release|Any CPU
	EndGlobalSection
	GlobalSection(ProjectConfigurationPlatforms) = postSolution
		{DEE19F23-1FC5-4AC4-8539-EFC1CC43C001}.Debug|Any CPU.ActiveCfg = Debug|Any CPU
		{DEE19F23-1FC5-4AC4-8539-EFC1CC43C001}.Debug|Any CPU.Build.0 = Debug|Any CPU
		{DEE19F23-1FC5-4AC4-8539-EFC1CC43C001}.Release|Any CPU.ActiveCfg = Release|Any CPU
		{DEE19F23-1FC5-4AC4-8539-EFC1CC43C001}.Release|Any CPU.Build.0 = Release|Any CPU
		{938EAFF2-AFDD-411A-89A9-45F8C0342D6F}.Debug|Any CPU.ActiveCfg = Debug|Any CPU
		{938EAFF2-AFDD-411A-89A9-45F8C0342D6F}.Debug|Any CPU.Build.0 = Debug|Any CPU
		{938EAFF2-AFDD-411A-89A9-45F8C0342D6F}.Release|Any CPU.ActiveCfg = Release|Any CPU
		{938EAFF2-AFDD-411A-89A9-45F8C0342D6F}.Release|Any CPU.Build.0 = Release|Any CPU
	EndGlobalSection
	GlobalSection(SolutionProperties) = preSolution
		HideSolutionNode = FALSE
	EndGlobalSection
	GlobalSection(ExtensibilityGlobals) = postSolution
		SolutionGuid = {214A028C-5299-4950-932F-C46A81818CA1}
	EndGlobalSection
EndGlobal
